Microsoft Visual Studio Solution File, Format Version 10.00
# Visual Studio 2008

Project("{7B8CF30B-9F8E-9C3C-4AA4-D0D431EAE627}") = "CodeSpells", "Assembly-CSharp.csproj", "{97A19DD7-2450-A672-29F1-D202D864E81A}"
EndProject
Project("{7B8CF30B-9F8E-9C3C-4AA4-D0D431EAE627}") = "CodeSpells", "Assembly-UnityScript-firstpass.unityproj", "{71A8FA2C-F2CB-995C-F749-59581CE60A8F}"
EndProject
Project("{7B8CF30B-9F8E-9C3C-4AA4-D0D431EAE627}") = "CodeSpells", "Assembly-UnityScript.unityproj", "{EDB232CB-456C-26E1-C908-9D471351B6D7}"
EndProject
Project("{7B8CF30B-9F8E-9C3C-4AA4-D0D431EAE627}") = "CodeSpells", "Assembly-UnityScript-Editor.unityproj", "{E981365A-A6D0-BC87-DA96-F05C7DF5BD94}"
EndProject
Global
	GlobalSection(SolutionConfigurationPlatforms) = preSolution
		Debug|Any CPU = Debug|Any CPU
		Release|Any CPU = Release|Any CPU
	EndGlobalSection
	GlobalSection(ProjectConfigurationPlatforms) = postSolution
		{97A19DD7-2450-A672-29F1-D202D864E81A}.Debug|Any CPU.ActiveCfg = Debug|Any CPU
		{97A19DD7-2450-A672-29F1-D202D864E81A}.Debug|Any CPU.Build.0 = Debug|Any CPU
		{97A19DD7-2450-A672-29F1-D202D864E81A}.Release|Any CPU.ActiveCfg = Release|Any CPU
		{97A19DD7-2450-A672-29F1-D202D864E81A}.Release|Any CPU.Build.0 = Release|Any CPU
		{71A8FA2C-F2CB-995C-F749-59581CE60A8F}.Debug|Any CPU.ActiveCfg = Debug|Any CPU
		{71A8FA2C-F2CB-995C-F749-59581CE60A8F}.Debug|Any CPU.Build.0 = Debug|Any CPU
		{71A8FA2C-F2CB-995C-F749-59581CE60A8F}.Release|Any CPU.ActiveCfg = Release|Any CPU
		{71A8FA2C-F2CB-995C-F749-59581CE60A8F}.Release|Any CPU.Build.0 = Release|Any CPU
		{EDB232CB-456C-26E1-C908-9D471351B6D7}.Debug|Any CPU.ActiveCfg = Debug|Any CPU
		{EDB232CB-456C-26E1-C908-9D471351B6D7}.Debug|Any CPU.Build.0 = Debug|Any CPU
		{EDB232CB-456C-26E1-C908-9D471351B6D7}.Release|Any CPU.ActiveCfg = Release|Any CPU
		{EDB232CB-456C-26E1-C908-9D471351B6D7}.Release|Any CPU.Build.0 = Release|Any CPU
		{E981365A-A6D0-BC87-DA96-F05C7DF5BD94}.Debug|Any CPU.ActiveCfg = Debug|Any CPU
		{E981365A-A6D0-BC87-DA96-F05C7DF5BD94}.Debug|Any CPU.Build.0 = Debug|Any CPU
		{E981365A-A6D0-BC87-DA96-F05C7DF5BD94}.Release|Any CPU.ActiveCfg = Release|Any CPU
		{E981365A-A6D0-BC87-DA96-F05C7DF5BD94}.Release|Any CPU.Build.0 = Release|Any CPU
	EndGlobalSection
	GlobalSection(SolutionProperties) = preSolution
		HideSolutionNode = FALSE
	EndGlobalSection
	
EndGlobal
